// !$*UTF8*$!
{
	archiveVersion = 1;
	classes = {
	};
	objectVersion = 50;
	objects = {

/* Begin PBXBuildFile section */
		1C4CA9CF23169BD7007B8FB8 /* JobVacanciesViewController.swift in Sources */ = {isa = PBXBuildFile; fileRef = 1C4CA9CE23169BD7007B8FB8 /* JobVacanciesViewController.swift */; };
		1C4CA9D123169BF9007B8FB8 /* CustomCellJob.swift in Sources */ = {isa = PBXBuildFile; fileRef = 1C4CA9D023169BF9007B8FB8 /* CustomCellJob.swift */; };
		1C4CA9D323169C16007B8FB8 /* JobVacanciesDetailViewController.swift in Sources */ = {isa = PBXBuildFile; fileRef = 1C4CA9D223169C16007B8FB8 /* JobVacanciesDetailViewController.swift */; };
		1C4CA9D523169C36007B8FB8 /* DataManager.swift in Sources */ = {isa = PBXBuildFile; fileRef = 1C4CA9D423169C36007B8FB8 /* DataManager.swift */; };
		1C4CA9D723169C67007B8FB8 /* UIView+Layout.swift in Sources */ = {isa = PBXBuildFile; fileRef = 1C4CA9D623169C67007B8FB8 /* UIView+Layout.swift */; };
		86CE79F82317B302003552B4 /* PlayerRegistrationController.swift in Sources */ = {isa = PBXBuildFile; fileRef = 86CE79F72317B302003552B4 /* PlayerRegistrationController.swift */; };
		86CE79FC2317B3D9003552B4 /* CloudKit.framework in Frameworks */ = {isa = PBXBuildFile; fileRef = 86CE79FB2317B3D9003552B4 /* CloudKit.framework */; };
		E64F03CA2316563D00AF1F9D /* DetailCityController.swift in Sources */ = {isa = PBXBuildFile; fileRef = E64F03C92316563D00AF1F9D /* DetailCityController.swift */; };
		E64F03CE23165D1A00AF1F9D /* City.swift in Sources */ = {isa = PBXBuildFile; fileRef = E64F03CD23165D1A00AF1F9D /* City.swift */; };
		E64F03D023166DF700AF1F9D /* TeamDetailController.swift in Sources */ = {isa = PBXBuildFile; fileRef = E64F03CF23166DF700AF1F9D /* TeamDetailController.swift */; };
		E64F03D2231674C900AF1F9D /* TeamRegistrationController.swift in Sources */ = {isa = PBXBuildFile; fileRef = E64F03D1231674C900AF1F9D /* TeamRegistrationController.swift */; };
		E64F03D4231697B900AF1F9D /* TeamDetailProfileTableViewCell.swift in Sources */ = {isa = PBXBuildFile; fileRef = E64F03D3231697B900AF1F9D /* TeamDetailProfileTableViewCell.swift */; };
		E64F03D62316990C00AF1F9D /* TeamDetailStatisticsTableViewCell.swift in Sources */ = {isa = PBXBuildFile; fileRef = E64F03D52316990C00AF1F9D /* TeamDetailStatisticsTableViewCell.swift */; };
		E64F03D823169D1A00AF1F9D /* TeamDetailJobTableViewCell.swift in Sources */ = {isa = PBXBuildFile; fileRef = E64F03D723169D1A00AF1F9D /* TeamDetailJobTableViewCell.swift */; };
		E68E910E230EA5BB006D1375 /* Team.swift in Sources */ = {isa = PBXBuildFile; fileRef = E68E910D230EA5BB006D1375 /* Team.swift */; };
		E68E9110230EAEFE006D1375 /* Job.swift in Sources */ = {isa = PBXBuildFile; fileRef = E68E910F230EAEFE006D1375 /* Job.swift */; };
		E68E9112230EFFD8006D1375 /* PlayerDetailProfileTableViewCell.swift in Sources */ = {isa = PBXBuildFile; fileRef = E68E9111230EFFD8006D1375 /* PlayerDetailProfileTableViewCell.swift */; };
		E68E91162311A1E0006D1375 /* SearchPlayerHomeTableViewCell.swift in Sources */ = {isa = PBXBuildFile; fileRef = E68E91152311A1E0006D1375 /* SearchPlayerHomeTableViewCell.swift */; };
		E68E91182311A801006D1375 /* SearchTeamTableViewCell.swift in Sources */ = {isa = PBXBuildFile; fileRef = E68E91172311A801006D1375 /* SearchTeamTableViewCell.swift */; };
		E68E911A23144353006D1375 /* PlayerDetailStatisticsTableViewCell.swift in Sources */ = {isa = PBXBuildFile; fileRef = E68E911923144353006D1375 /* PlayerDetailStatisticsTableViewCell.swift */; };
		E68E911C23152476006D1375 /* GradientImageView.swift in Sources */ = {isa = PBXBuildFile; fileRef = E68E911B23152475006D1375 /* GradientImageView.swift */; };
		E6A1A432230D9C6C006B0727 /* TeamInsideCollectionViewCell.swift in Sources */ = {isa = PBXBuildFile; fileRef = E6A1A431230D9C6C006B0727 /* TeamInsideCollectionViewCell.swift */; };
		E6A1A434230D9CB3006B0727 /* HomeTeamTableViewCell.swift in Sources */ = {isa = PBXBuildFile; fileRef = E6A1A433230D9CB3006B0727 /* HomeTeamTableViewCell.swift */; };
		E6A1A436230D9EFD006B0727 /* HomeJobTableViewCell.swift in Sources */ = {isa = PBXBuildFile; fileRef = E6A1A435230D9EFD006B0727 /* HomeJobTableViewCell.swift */; };
		E6A1A438230D9F18006B0727 /* JobInsideCollectionViewCell.swift in Sources */ = {isa = PBXBuildFile; fileRef = E6A1A437230D9F18006B0727 /* JobInsideCollectionViewCell.swift */; };
		E6A1A43A230E61A3006B0727 /* Model.swift in Sources */ = {isa = PBXBuildFile; fileRef = E6A1A439230E61A3006B0727 /* Model.swift */; };
		E6AC21E5230BD1460004ACA7 /* AppDelegate.swift in Sources */ = {isa = PBXBuildFile; fileRef = E6AC21E4230BD1460004ACA7 /* AppDelegate.swift */; };
		E6AC21E7230BD1460004ACA7 /* LoginController.swift in Sources */ = {isa = PBXBuildFile; fileRef = E6AC21E6230BD1460004ACA7 /* LoginController.swift */; };
		E6AC21EA230BD1460004ACA7 /* Main.storyboard in Resources */ = {isa = PBXBuildFile; fileRef = E6AC21E8230BD1460004ACA7 /* Main.storyboard */; };
		E6AC21ED230BD1460004ACA7 /* ESportMC3.xcdatamodeld in Sources */ = {isa = PBXBuildFile; fileRef = E6AC21EB230BD1460004ACA7 /* ESportMC3.xcdatamodeld */; };
		E6AC21EF230BD1470004ACA7 /* Assets.xcassets in Resources */ = {isa = PBXBuildFile; fileRef = E6AC21EE230BD1470004ACA7 /* Assets.xcassets */; };
		E6AC21F2230BD1470004ACA7 /* LaunchScreen.storyboard in Resources */ = {isa = PBXBuildFile; fileRef = E6AC21F0230BD1470004ACA7 /* LaunchScreen.storyboard */; };
		E6AC2200230BDB100004ACA7 /* Player.swift in Sources */ = {isa = PBXBuildFile; fileRef = E6AC21FF230BDB100004ACA7 /* Player.swift */; };
		E6AC2203230C08670004ACA7 /* PlayerDetailController.swift in Sources */ = {isa = PBXBuildFile; fileRef = E6AC2202230C08670004ACA7 /* PlayerDetailController.swift */; };
		E6F36310230D36FB008078BC /* HomeController.swift in Sources */ = {isa = PBXBuildFile; fileRef = E6F3630F230D36FB008078BC /* HomeController.swift */; };
		E6F36312230D3976008078BC /* HomePlayerTableViewCell.swift in Sources */ = {isa = PBXBuildFile; fileRef = E6F36311230D3976008078BC /* HomePlayerTableViewCell.swift */; };
		E6F36314230D39B5008078BC /* PlayerInsideCollectionViewCell.swift in Sources */ = {isa = PBXBuildFile; fileRef = E6F36313230D39B5008078BC /* PlayerInsideCollectionViewCell.swift */; };
/* End PBXBuildFile section */

/* Begin PBXFileReference section */
		1C4CA9CE23169BD7007B8FB8 /* JobVacanciesViewController.swift */ = {isa = PBXFileReference; lastKnownFileType = sourcecode.swift; path = JobVacanciesViewController.swift; sourceTree = "<group>"; };
		1C4CA9D023169BF9007B8FB8 /* CustomCellJob.swift */ = {isa = PBXFileReference; lastKnownFileType = sourcecode.swift; path = CustomCellJob.swift; sourceTree = "<group>"; };
		1C4CA9D223169C16007B8FB8 /* JobVacanciesDetailViewController.swift */ = {isa = PBXFileReference; lastKnownFileType = sourcecode.swift; path = JobVacanciesDetailViewController.swift; sourceTree = "<group>"; };
		1C4CA9D423169C36007B8FB8 /* DataManager.swift */ = {isa = PBXFileReference; lastKnownFileType = sourcecode.swift; path = DataManager.swift; sourceTree = "<group>"; };
		1C4CA9D623169C67007B8FB8 /* UIView+Layout.swift */ = {isa = PBXFileReference; lastKnownFileType = sourcecode.swift; path = "UIView+Layout.swift"; sourceTree = "<group>"; };
		86CE79F72317B302003552B4 /* PlayerRegistrationController.swift */ = {isa = PBXFileReference; fileEncoding = 4; lastKnownFileType = sourcecode.swift; path = PlayerRegistrationController.swift; sourceTree = "<group>"; };
		86CE79F92317B3BE003552B4 /* ESportMC3.entitlements */ = {isa = PBXFileReference; lastKnownFileType = text.plist.entitlements; path = ESportMC3.entitlements; sourceTree = "<group>"; };
		86CE79FB2317B3D9003552B4 /* CloudKit.framework */ = {isa = PBXFileReference; lastKnownFileType = wrapper.framework; name = CloudKit.framework; path = System/Library/Frameworks/CloudKit.framework; sourceTree = SDKROOT; };
		E64F03C92316563D00AF1F9D /* DetailCityController.swift */ = {isa = PBXFileReference; lastKnownFileType = sourcecode.swift; path = DetailCityController.swift; sourceTree = "<group>"; };
		E64F03CD23165D1A00AF1F9D /* City.swift */ = {isa = PBXFileReference; lastKnownFileType = sourcecode.swift; path = City.swift; sourceTree = "<group>"; };
		E64F03CF23166DF700AF1F9D /* TeamDetailController.swift */ = {isa = PBXFileReference; lastKnownFileType = sourcecode.swift; path = TeamDetailController.swift; sourceTree = "<group>"; };
		E64F03D1231674C900AF1F9D /* TeamRegistrationController.swift */ = {isa = PBXFileReference; lastKnownFileType = sourcecode.swift; path = TeamRegistrationController.swift; sourceTree = "<group>"; };
		E64F03D3231697B900AF1F9D /* TeamDetailProfileTableViewCell.swift */ = {isa = PBXFileReference; lastKnownFileType = sourcecode.swift; path = TeamDetailProfileTableViewCell.swift; sourceTree = "<group>"; };
		E64F03D52316990C00AF1F9D /* TeamDetailStatisticsTableViewCell.swift */ = {isa = PBXFileReference; lastKnownFileType = sourcecode.swift; path = TeamDetailStatisticsTableViewCell.swift; sourceTree = "<group>"; };
		E64F03D723169D1A00AF1F9D /* TeamDetailJobTableViewCell.swift */ = {isa = PBXFileReference; lastKnownFileType = sourcecode.swift; path = TeamDetailJobTableViewCell.swift; sourceTree = "<group>"; };
		E68E910D230EA5BB006D1375 /* Team.swift */ = {isa = PBXFileReference; lastKnownFileType = sourcecode.swift; path = Team.swift; sourceTree = "<group>"; };
		E68E910F230EAEFE006D1375 /* Job.swift */ = {isa = PBXFileReference; lastKnownFileType = sourcecode.swift; path = Job.swift; sourceTree = "<group>"; };
		E68E9111230EFFD8006D1375 /* PlayerDetailProfileTableViewCell.swift */ = {isa = PBXFileReference; lastKnownFileType = sourcecode.swift; path = PlayerDetailProfileTableViewCell.swift; sourceTree = "<group>"; };
		E68E91152311A1E0006D1375 /* SearchPlayerHomeTableViewCell.swift */ = {isa = PBXFileReference; lastKnownFileType = sourcecode.swift; path = SearchPlayerHomeTableViewCell.swift; sourceTree = "<group>"; };
		E68E91172311A801006D1375 /* SearchTeamTableViewCell.swift */ = {isa = PBXFileReference; lastKnownFileType = sourcecode.swift; path = SearchTeamTableViewCell.swift; sourceTree = "<group>"; };
		E68E911923144353006D1375 /* PlayerDetailStatisticsTableViewCell.swift */ = {isa = PBXFileReference; lastKnownFileType = sourcecode.swift; path = PlayerDetailStatisticsTableViewCell.swift; sourceTree = "<group>"; };
		E68E911B23152475006D1375 /* GradientImageView.swift */ = {isa = PBXFileReference; fileEncoding = 4; lastKnownFileType = sourcecode.swift; path = GradientImageView.swift; sourceTree = "<group>"; };
		E6A1A431230D9C6C006B0727 /* TeamInsideCollectionViewCell.swift */ = {isa = PBXFileReference; lastKnownFileType = sourcecode.swift; path = TeamInsideCollectionViewCell.swift; sourceTree = "<group>"; };
		E6A1A433230D9CB3006B0727 /* HomeTeamTableViewCell.swift */ = {isa = PBXFileReference; lastKnownFileType = sourcecode.swift; path = HomeTeamTableViewCell.swift; sourceTree = "<group>"; };
		E6A1A435230D9EFD006B0727 /* HomeJobTableViewCell.swift */ = {isa = PBXFileReference; lastKnownFileType = sourcecode.swift; path = HomeJobTableViewCell.swift; sourceTree = "<group>"; };
		E6A1A437230D9F18006B0727 /* JobInsideCollectionViewCell.swift */ = {isa = PBXFileReference; lastKnownFileType = sourcecode.swift; path = JobInsideCollectionViewCell.swift; sourceTree = "<group>"; };
		E6A1A439230E61A3006B0727 /* Model.swift */ = {isa = PBXFileReference; lastKnownFileType = sourcecode.swift; path = Model.swift; sourceTree = "<group>"; };
		E6AC21E1230BD1460004ACA7 /* ESportMC3.app */ = {isa = PBXFileReference; explicitFileType = wrapper.application; includeInIndex = 0; path = ESportMC3.app; sourceTree = BUILT_PRODUCTS_DIR; };
		E6AC21E4230BD1460004ACA7 /* AppDelegate.swift */ = {isa = PBXFileReference; lastKnownFileType = sourcecode.swift; path = AppDelegate.swift; sourceTree = "<group>"; };
		E6AC21E6230BD1460004ACA7 /* LoginController.swift */ = {isa = PBXFileReference; lastKnownFileType = sourcecode.swift; path = LoginController.swift; sourceTree = "<group>"; };
		E6AC21E9230BD1460004ACA7 /* Base */ = {isa = PBXFileReference; lastKnownFileType = file.storyboard; name = Base; path = Base.lproj/Main.storyboard; sourceTree = "<group>"; };
		E6AC21EC230BD1460004ACA7 /* ESportMC3.xcdatamodel */ = {isa = PBXFileReference; lastKnownFileType = wrapper.xcdatamodel; path = ESportMC3.xcdatamodel; sourceTree = "<group>"; };
		E6AC21EE230BD1470004ACA7 /* Assets.xcassets */ = {isa = PBXFileReference; lastKnownFileType = folder.assetcatalog; path = Assets.xcassets; sourceTree = "<group>"; };
		E6AC21F1230BD1470004ACA7 /* Base */ = {isa = PBXFileReference; lastKnownFileType = file.storyboard; name = Base; path = Base.lproj/LaunchScreen.storyboard; sourceTree = "<group>"; };
		E6AC21F3230BD1470004ACA7 /* Info.plist */ = {isa = PBXFileReference; lastKnownFileType = text.plist.xml; path = Info.plist; sourceTree = "<group>"; };
		E6AC21FF230BDB100004ACA7 /* Player.swift */ = {isa = PBXFileReference; lastKnownFileType = sourcecode.swift; path = Player.swift; sourceTree = "<group>"; };
		E6AC2202230C08670004ACA7 /* PlayerDetailController.swift */ = {isa = PBXFileReference; lastKnownFileType = sourcecode.swift; path = PlayerDetailController.swift; sourceTree = "<group>"; };
		E6F3630F230D36FB008078BC /* HomeController.swift */ = {isa = PBXFileReference; lastKnownFileType = sourcecode.swift; path = HomeController.swift; sourceTree = "<group>"; };
		E6F36311230D3976008078BC /* HomePlayerTableViewCell.swift */ = {isa = PBXFileReference; lastKnownFileType = sourcecode.swift; path = HomePlayerTableViewCell.swift; sourceTree = "<group>"; };
		E6F36313230D39B5008078BC /* PlayerInsideCollectionViewCell.swift */ = {isa = PBXFileReference; lastKnownFileType = sourcecode.swift; path = PlayerInsideCollectionViewCell.swift; sourceTree = "<group>"; };
/* End PBXFileReference section */

/* Begin PBXFrameworksBuildPhase section */
		E6AC21DE230BD1460004ACA7 /* Frameworks */ = {
			isa = PBXFrameworksBuildPhase;
			buildActionMask = 2147483647;
			files = (
				86CE79FC2317B3D9003552B4 /* CloudKit.framework in Frameworks */,
			);
			runOnlyForDeploymentPostprocessing = 0;
		};
/* End PBXFrameworksBuildPhase section */

/* Begin PBXGroup section */
		86CE79FA2317B3D9003552B4 /* Frameworks */ = {
			isa = PBXGroup;
			children = (
				86CE79FB2317B3D9003552B4 /* CloudKit.framework */,
			);
			name = Frameworks;
			sourceTree = "<group>";
		};
		E6AC21D8230BD1460004ACA7 = {
			isa = PBXGroup;
			children = (
				E6AC21E3230BD1460004ACA7 /* ESportMC3 */,
				E6AC21E2230BD1460004ACA7 /* Products */,
				86CE79FA2317B3D9003552B4 /* Frameworks */,
			);
			sourceTree = "<group>";
		};
		E6AC21E2230BD1460004ACA7 /* Products */ = {
			isa = PBXGroup;
			children = (
				E6AC21E1230BD1460004ACA7 /* ESportMC3.app */,
			);
			name = Products;
			sourceTree = "<group>";
		};
		E6AC21E3230BD1460004ACA7 /* ESportMC3 */ = {
			isa = PBXGroup;
			children = (
				86CE79F92317B3BE003552B4 /* ESportMC3.entitlements */,
				E6F3630A230C5C0F008078BC /* Controller */,
				E6F36309230C5BF0008078BC /* Model */,
				E6AC2201230C081E0004ACA7 /* View */,
				E6AC21E4230BD1460004ACA7 /* AppDelegate.swift */,
				E6AC21E8230BD1460004ACA7 /* Main.storyboard */,
				E6AC21EE230BD1470004ACA7 /* Assets.xcassets */,
				E6AC21F0230BD1470004ACA7 /* LaunchScreen.storyboard */,
				E6AC21F3230BD1470004ACA7 /* Info.plist */,
				E6AC21EB230BD1460004ACA7 /* ESportMC3.xcdatamodeld */,
			);
			path = ESportMC3;
			sourceTree = "<group>";
		};
		E6AC2201230C081E0004ACA7 /* View */ = {
			isa = PBXGroup;
			children = (
				86CE79F72317B302003552B4 /* PlayerRegistrationController.swift */,
				E6F3630F230D36FB008078BC /* HomeController.swift */,
				E6AC2202230C08670004ACA7 /* PlayerDetailController.swift */,
				E64F03CF23166DF700AF1F9D /* TeamDetailController.swift */,
				E6AC21E6230BD1460004ACA7 /* LoginController.swift */,
				E64F03D1231674C900AF1F9D /* TeamRegistrationController.swift */,
				E64F03C92316563D00AF1F9D /* DetailCityController.swift */,
			);
			path = View;
			sourceTree = "<group>";
		};
		E6F36309230C5BF0008078BC /* Model */ = {
			isa = PBXGroup;
			children = (
				E6A1A439230E61A3006B0727 /* Model.swift */,
				E6AC21FF230BDB100004ACA7 /* Player.swift */,
				E68E910D230EA5BB006D1375 /* Team.swift */,
				E68E910F230EAEFE006D1375 /* Job.swift */,
				E64F03CD23165D1A00AF1F9D /* City.swift */,
				1C4CA9D423169C36007B8FB8 /* DataManager.swift */,
			);
			path = Model;
			sourceTree = "<group>";
		};
		E6F3630A230C5C0F008078BC /* Controller */ = {
			isa = PBXGroup;
			children = (
				E68E9111230EFFD8006D1375 /* PlayerDetailProfileTableViewCell.swift */,
				E68E911923144353006D1375 /* PlayerDetailStatisticsTableViewCell.swift */,
				E64F03D3231697B900AF1F9D /* TeamDetailProfileTableViewCell.swift */,
				E6F36313230D39B5008078BC /* PlayerInsideCollectionViewCell.swift */,
				E6A1A431230D9C6C006B0727 /* TeamInsideCollectionViewCell.swift */,
				E6A1A437230D9F18006B0727 /* JobInsideCollectionViewCell.swift */,
				E6F36311230D3976008078BC /* HomePlayerTableViewCell.swift */,
				E6A1A433230D9CB3006B0727 /* HomeTeamTableViewCell.swift */,
				E6A1A435230D9EFD006B0727 /* HomeJobTableViewCell.swift */,
				E68E91152311A1E0006D1375 /* SearchPlayerHomeTableViewCell.swift */,
				E68E91172311A801006D1375 /* SearchTeamTableViewCell.swift */,
				E68E911B23152475006D1375 /* GradientImageView.swift */,
				E64F03D52316990C00AF1F9D /* TeamDetailStatisticsTableViewCell.swift */,
				E64F03D723169D1A00AF1F9D /* TeamDetailJobTableViewCell.swift */,
				1C4CA9CE23169BD7007B8FB8 /* JobVacanciesViewController.swift */,
				1C4CA9D023169BF9007B8FB8 /* CustomCellJob.swift */,
				1C4CA9D223169C16007B8FB8 /* JobVacanciesDetailViewController.swift */,
				1C4CA9D623169C67007B8FB8 /* UIView+Layout.swift */,
			);
			path = Controller;
			sourceTree = "<group>";
		};
/* End PBXGroup section */

/* Begin PBXNativeTarget section */
		E6AC21E0230BD1460004ACA7 /* ESportMC3 */ = {
			isa = PBXNativeTarget;
			buildConfigurationList = E6AC21F6230BD1470004ACA7 /* Build configuration list for PBXNativeTarget "ESportMC3" */;
			buildPhases = (
				E6AC21DD230BD1460004ACA7 /* Sources */,
				E6AC21DE230BD1460004ACA7 /* Frameworks */,
				E6AC21DF230BD1460004ACA7 /* Resources */,
			);
			buildRules = (
			);
			dependencies = (
			);
			name = ESportMC3;
			productName = ESportMC3;
			productReference = E6AC21E1230BD1460004ACA7 /* ESportMC3.app */;
			productType = "com.apple.product-type.application";
		};
/* End PBXNativeTarget section */

/* Begin PBXProject section */
		E6AC21D9230BD1460004ACA7 /* Project object */ = {
			isa = PBXProject;
			attributes = {
				LastSwiftUpdateCheck = 1030;
				LastUpgradeCheck = 1030;
				ORGANIZATIONNAME = "Patrick Leonardus";
				TargetAttributes = {
					E6AC21E0230BD1460004ACA7 = {
						CreatedOnToolsVersion = 10.3;
						SystemCapabilities = {
							com.apple.Push = {
								enabled = 1;
							};
							com.apple.iCloud = {
								enabled = 1;
							};
						};
					};
				};
			};
			buildConfigurationList = E6AC21DC230BD1460004ACA7 /* Build configuration list for PBXProject "ESportMC3" */;
			compatibilityVersion = "Xcode 9.3";
			developmentRegion = en;
			hasScannedForEncodings = 0;
			knownRegions = (
				en,
				Base,
			);
			mainGroup = E6AC21D8230BD1460004ACA7;
			productRefGroup = E6AC21E2230BD1460004ACA7 /* Products */;
			projectDirPath = "";
			projectRoot = "";
			targets = (
				E6AC21E0230BD1460004ACA7 /* ESportMC3 */,
			);
		};
/* End PBXProject section */

/* Begin PBXResourcesBuildPhase section */
		E6AC21DF230BD1460004ACA7 /* Resources */ = {
			isa = PBXResourcesBuildPhase;
			buildActionMask = 2147483647;
			files = (
				E6AC21F2230BD1470004ACA7 /* LaunchScreen.storyboard in Resources */,
				E6AC21EF230BD1470004ACA7 /* Assets.xcassets in Resources */,
				E6AC21EA230BD1460004ACA7 /* Main.storyboard in Resources */,
			);
			runOnlyForDeploymentPostprocessing = 0;
		};
/* End PBXResourcesBuildPhase section */

/* Begin PBXSourcesBuildPhase section */
		E6AC21DD230BD1460004ACA7 /* Sources */ = {
			isa = PBXSourcesBuildPhase;
			buildActionMask = 2147483647;
			files = (
				E6A1A43A230E61A3006B0727 /* Model.swift in Sources */,
				86CE79F82317B302003552B4 /* PlayerRegistrationController.swift in Sources */,
				E6AC21ED230BD1460004ACA7 /* ESportMC3.xcdatamodeld in Sources */,
				E64F03D62316990C00AF1F9D /* TeamDetailStatisticsTableViewCell.swift in Sources */,
				E68E911A23144353006D1375 /* PlayerDetailStatisticsTableViewCell.swift in Sources */,
				E64F03D023166DF700AF1F9D /* TeamDetailController.swift in Sources */,
				E6AC21E7230BD1460004ACA7 /* LoginController.swift in Sources */,
				1C4CA9D123169BF9007B8FB8 /* CustomCellJob.swift in Sources */,
				1C4CA9CF23169BD7007B8FB8 /* JobVacanciesViewController.swift in Sources */,
				E64F03CE23165D1A00AF1F9D /* City.swift in Sources */,
				1C4CA9D323169C16007B8FB8 /* JobVacanciesDetailViewController.swift in Sources */,
				E68E91162311A1E0006D1375 /* SearchPlayerHomeTableViewCell.swift in Sources */,
				E6F36314230D39B5008078BC /* PlayerInsideCollectionViewCell.swift in Sources */,
				E68E911C23152476006D1375 /* GradientImageView.swift in Sources */,
				1C4CA9D723169C67007B8FB8 /* UIView+Layout.swift in Sources */,
				E6A1A434230D9CB3006B0727 /* HomeTeamTableViewCell.swift in Sources */,
				E6A1A436230D9EFD006B0727 /* HomeJobTableViewCell.swift in Sources */,
				E6A1A438230D9F18006B0727 /* JobInsideCollectionViewCell.swift in Sources */,
				E68E91182311A801006D1375 /* SearchTeamTableViewCell.swift in Sources */,
				E6F36310230D36FB008078BC /* HomeController.swift in Sources */,
				E6AC2200230BDB100004ACA7 /* Player.swift in Sources */,
				E6AC21E5230BD1460004ACA7 /* AppDelegate.swift in Sources */,
				E64F03D823169D1A00AF1F9D /* TeamDetailJobTableViewCell.swift in Sources */,
				E64F03D4231697B900AF1F9D /* TeamDetailProfileTableViewCell.swift in Sources */,
				E64F03CA2316563D00AF1F9D /* DetailCityController.swift in Sources */,
				E68E910E230EA5BB006D1375 /* Team.swift in Sources */,
				E6A1A432230D9C6C006B0727 /* TeamInsideCollectionViewCell.swift in Sources */,
				E68E9110230EAEFE006D1375 /* Job.swift in Sources */,
				E68E9112230EFFD8006D1375 /* PlayerDetailProfileTableViewCell.swift in Sources */,
				E64F03D2231674C900AF1F9D /* TeamRegistrationController.swift in Sources */,
				E6AC2203230C08670004ACA7 /* PlayerDetailController.swift in Sources */,
				1C4CA9D523169C36007B8FB8 /* DataManager.swift in Sources */,
				E6F36312230D3976008078BC /* HomePlayerTableViewCell.swift in Sources */,
			);
			runOnlyForDeploymentPostprocessing = 0;
		};
/* End PBXSourcesBuildPhase section */

/* Begin PBXVariantGroup section */
		E6AC21E8230BD1460004ACA7 /* Main.storyboard */ = {
			isa = PBXVariantGroup;
			children = (
				E6AC21E9230BD1460004ACA7 /* Base */,
			);
			name = Main.storyboard;
			sourceTree = "<group>";
		};
		E6AC21F0230BD1470004ACA7 /* LaunchScreen.storyboard */ = {
			isa = PBXVariantGroup;
			children = (
				E6AC21F1230BD1470004ACA7 /* Base */,
			);
			name = LaunchScreen.storyboard;
			sourceTree = "<group>";
		};
/* End PBXVariantGroup section */

/* Begin XCBuildConfiguration section */
		E6AC21F4230BD1470004ACA7 /* Debug */ = {
			isa = XCBuildConfiguration;
			buildSettings = {
				ALWAYS_SEARCH_USER_PATHS = NO;
				CLANG_ANALYZER_NONNULL = YES;
				CLANG_ANALYZER_NUMBER_OBJECT_CONVERSION = YES_AGGRESSIVE;
				CLANG_CXX_LANGUAGE_STANDARD = "gnu++14";
				CLANG_CXX_LIBRARY = "libc++";
				CLANG_ENABLE_MODULES = YES;
				CLANG_ENABLE_OBJC_ARC = YES;
				CLANG_ENABLE_OBJC_WEAK = YES;
				CLANG_WARN_BLOCK_CAPTURE_AUTORELEASING = YES;
				CLANG_WARN_BOOL_CONVERSION = YES;
				CLANG_WARN_COMMA = YES;
				CLANG_WARN_CONSTANT_CONVERSION = YES;
				CLANG_WARN_DEPRECATED_OBJC_IMPLEMENTATIONS = YES;
				CLANG_WARN_DIRECT_OBJC_ISA_USAGE = YES_ERROR;
				CLANG_WARN_DOCUMENTATION_COMMENTS = YES;
				CLANG_WARN_EMPTY_BODY = YES;
				CLANG_WARN_ENUM_CONVERSION = YES;
				CLANG_WARN_INFINITE_RECURSION = YES;
				CLANG_WARN_INT_CONVERSION = YES;
				CLANG_WARN_NON_LITERAL_NULL_CONVERSION = YES;
				CLANG_WARN_OBJC_IMPLICIT_RETAIN_SELF = YES;
				CLANG_WARN_OBJC_LITERAL_CONVERSION = YES;
				CLANG_WARN_OBJC_ROOT_CLASS = YES_ERROR;
				CLANG_WARN_RANGE_LOOP_ANALYSIS = YES;
				CLANG_WARN_STRICT_PROTOTYPES = YES;
				CLANG_WARN_SUSPICIOUS_MOVE = YES;
				CLANG_WARN_UNGUARDED_AVAILABILITY = YES_AGGRESSIVE;
				CLANG_WARN_UNREACHABLE_CODE = YES;
				CLANG_WARN__DUPLICATE_METHOD_MATCH = YES;
				CODE_SIGN_IDENTITY = "iPhone Developer";
				COPY_PHASE_STRIP = NO;
				DEBUG_INFORMATION_FORMAT = dwarf;
				ENABLE_STRICT_OBJC_MSGSEND = YES;
				ENABLE_TESTABILITY = YES;
				GCC_C_LANGUAGE_STANDARD = gnu11;
				GCC_DYNAMIC_NO_PIC = NO;
				GCC_NO_COMMON_BLOCKS = YES;
				GCC_OPTIMIZATION_LEVEL = 0;
				GCC_PREPROCESSOR_DEFINITIONS = (
					"DEBUG=1",
					"$(inherited)",
				);
				GCC_WARN_64_TO_32_BIT_CONVERSION = YES;
				GCC_WARN_ABOUT_RETURN_TYPE = YES_ERROR;
				GCC_WARN_UNDECLARED_SELECTOR = YES;
				GCC_WARN_UNINITIALIZED_AUTOS = YES_AGGRESSIVE;
				GCC_WARN_UNUSED_FUNCTION = YES;
				GCC_WARN_UNUSED_VARIABLE = YES;
				IPHONEOS_DEPLOYMENT_TARGET = 12.4;
				MTL_ENABLE_DEBUG_INFO = INCLUDE_SOURCE;
				MTL_FAST_MATH = YES;
				ONLY_ACTIVE_ARCH = YES;
				SDKROOT = iphoneos;
				SWIFT_ACTIVE_COMPILATION_CONDITIONS = DEBUG;
				SWIFT_OPTIMIZATION_LEVEL = "-Onone";
			};
			name = Debug;
		};
		E6AC21F5230BD1470004ACA7 /* Release */ = {
			isa = XCBuildConfiguration;
			buildSettings = {
				ALWAYS_SEARCH_USER_PATHS = NO;
				CLANG_ANALYZER_NONNULL = YES;
				CLANG_ANALYZER_NUMBER_OBJECT_CONVERSION = YES_AGGRESSIVE;
				CLANG_CXX_LANGUAGE_STANDARD = "gnu++14";
				CLANG_CXX_LIBRARY = "libc++";
				CLANG_ENABLE_MODULES = YES;
				CLANG_ENABLE_OBJC_ARC = YES;
				CLANG_ENABLE_OBJC_WEAK = YES;
				CLANG_WARN_BLOCK_CAPTURE_AUTORELEASING = YES;
				CLANG_WARN_BOOL_CONVERSION = YES;
				CLANG_WARN_COMMA = YES;
				CLANG_WARN_CONSTANT_CONVERSION = YES;
				CLANG_WARN_DEPRECATED_OBJC_IMPLEMENTATIONS = YES;
				CLANG_WARN_DIRECT_OBJC_ISA_USAGE = YES_ERROR;
				CLANG_WARN_DOCUMENTATION_COMMENTS = YES;
				CLANG_WARN_EMPTY_BODY = YES;
				CLANG_WARN_ENUM_CONVERSION = YES;
				CLANG_WARN_INFINITE_RECURSION = YES;
				CLANG_WARN_INT_CONVERSION = YES;
				CLANG_WARN_NON_LITERAL_NULL_CONVERSION = YES;
				CLANG_WARN_OBJC_IMPLICIT_RETAIN_SELF = YES;
				CLANG_WARN_OBJC_LITERAL_CONVERSION = YES;
				CLANG_WARN_OBJC_ROOT_CLASS = YES_ERROR;
				CLANG_WARN_RANGE_LOOP_ANALYSIS = YES;
				CLANG_WARN_STRICT_PROTOTYPES = YES;
				CLANG_WARN_SUSPICIOUS_MOVE = YES;
				CLANG_WARN_UNGUARDED_AVAILABILITY = YES_AGGRESSIVE;
				CLANG_WARN_UNREACHABLE_CODE = YES;
				CLANG_WARN__DUPLICATE_METHOD_MATCH = YES;
				CODE_SIGN_IDENTITY = "iPhone Developer";
				COPY_PHASE_STRIP = NO;
				DEBUG_INFORMATION_FORMAT = "dwarf-with-dsym";
				ENABLE_NS_ASSERTIONS = NO;
				ENABLE_STRICT_OBJC_MSGSEND = YES;
				GCC_C_LANGUAGE_STANDARD = gnu11;
				GCC_NO_COMMON_BLOCKS = YES;
				GCC_WARN_64_TO_32_BIT_CONVERSION = YES;
				GCC_WARN_ABOUT_RETURN_TYPE = YES_ERROR;
				GCC_WARN_UNDECLARED_SELECTOR = YES;
				GCC_WARN_UNINITIALIZED_AUTOS = YES_AGGRESSIVE;
				GCC_WARN_UNUSED_FUNCTION = YES;
				GCC_WARN_UNUSED_VARIABLE = YES;
				IPHONEOS_DEPLOYMENT_TARGET = 12.4;
				MTL_ENABLE_DEBUG_INFO = NO;
				MTL_FAST_MATH = YES;
				SDKROOT = iphoneos;
				SWIFT_COMPILATION_MODE = wholemodule;
				SWIFT_OPTIMIZATION_LEVEL = "-O";
				VALIDATE_PRODUCT = YES;
			};
			name = Release;
		};
		E6AC21F7230BD1470004ACA7 /* Debug */ = {
			isa = XCBuildConfiguration;
			buildSettings = {
				ASSETCATALOG_COMPILER_APPICON_NAME = AppIcon;
				CODE_SIGN_ENTITLEMENTS = ESportMC3/ESportMC3.entitlements;
				CODE_SIGN_STYLE = Automatic;
				DEVELOPMENT_TEAM = CLWMV75S4M;
				INFOPLIST_FILE = ESportMC3/Info.plist;
				IPHONEOS_DEPLOYMENT_TARGET = 12.2;
				LD_RUNPATH_SEARCH_PATHS = (
					"$(inherited)",
					"@executable_path/Frameworks",
				);
				PRODUCT_BUNDLE_IDENTIFIER = AppleDeveloperAcademyBinus.ESportMC3;
				PRODUCT_NAME = "$(TARGET_NAME)";
				SWIFT_VERSION = 5.0;
				TARGETED_DEVICE_FAMILY = "1,2";
			};
			name = Debug;
		};
		E6AC21F8230BD1470004ACA7 /* Release */ = {
			isa = XCBuildConfiguration;
			buildSettings = {
				ASSETCATALOG_COMPILER_APPICON_NAME = AppIcon;
				CODE_SIGN_ENTITLEMENTS = ESportMC3/ESportMC3.entitlements;
				CODE_SIGN_STYLE = Automatic;
				DEVELOPMENT_TEAM = CLWMV75S4M;
				INFOPLIST_FILE = ESportMC3/Info.plist;
				IPHONEOS_DEPLOYMENT_TARGET = 12.2;
				LD_RUNPATH_SEARCH_PATHS = (
					"$(inherited)",
					"@executable_path/Frameworks",
				);
				PRODUCT_BUNDLE_IDENTIFIER = AppleDeveloperAcademyBinus.ESportMC3;
				PRODUCT_NAME = "$(TARGET_NAME)";
				SWIFT_VERSION = 5.0;
				TARGETED_DEVICE_FAMILY = "1,2";
			};
			name = Release;
		};
/* End XCBuildConfiguration section */

/* Begin XCConfigurationList section */
		E6AC21DC230BD1460004ACA7 /* Build configuration list for PBXProject "ESportMC3" */ = {
			isa = XCConfigurationList;
			buildConfigurations = (
				E6AC21F4230BD1470004ACA7 /* Debug */,
				E6AC21F5230BD1470004ACA7 /* Release */,
			);
			defaultConfigurationIsVisible = 0;
			defaultConfigurationName = Release;
		};
		E6AC21F6230BD1470004ACA7 /* Build configuration list for PBXNativeTarget "ESportMC3" */ = {
			isa = XCConfigurationList;
			buildConfigurations = (
				E6AC21F7230BD1470004ACA7 /* Debug */,
				E6AC21F8230BD1470004ACA7 /* Release */,
			);
			defaultConfigurationIsVisible = 0;
			defaultConfigurationName = Release;
		};
/* End XCConfigurationList section */

/* Begin XCVersionGroup section */
		E6AC21EB230BD1460004ACA7 /* ESportMC3.xcdatamodeld */ = {
			isa = XCVersionGroup;
			children = (
				E6AC21EC230BD1460004ACA7 /* ESportMC3.xcdatamodel */,
			);
			currentVersion = E6AC21EC230BD1460004ACA7 /* ESportMC3.xcdatamodel */;
			path = ESportMC3.xcdatamodeld;
			sourceTree = "<group>";
			versionGroupType = wrapper.xcdatamodel;
		};
/* End XCVersionGroup section */
	};
	rootObject = E6AC21D9230BD1460004ACA7 /* Project object */;
}
